
Microsoft Visual Studio Solution File, Format Version 12.00
# Visual Studio 14
VisualStudioVersion = 14.0.22823.1
MinimumVisualStudioVersion = 10.0.40219.1
Project("{2150E333-8FDC-42A3-9474-1A3956D46DE8}") = "Intro to C++", "Intro to C++", "{394BF964-D032-4F4C-8874-193D83C21A31}"
EndProject
Project("{2150E333-8FDC-42A3-9474-1A3956D46DE8}") = "Advanced C++", "Advanced C++", "{8AC1915F-108B-4C4D-8ADA-604852E177B1}"
EndProject
Project("{2150E333-8FDC-42A3-9474-1A3956D46DE8}") = "Lab01", "Lab01", "{E6261054-6EDE-4D69-9DE0-762957854BA2}"
EndProject
Project("{2150E333-8FDC-42A3-9474-1A3956D46DE8}") = "Lab04", "Lab04", "{97C3DD49-3D24-4204-8BB9-BEFF1D9A7246}"
EndProject
Project("{2150E333-8FDC-42A3-9474-1A3956D46DE8}") = "Lab05", "Lab05", "{84C60E25-7CF4-4EAB-8B7B-8760B1844678}"
EndProject
Project("{2150E333-8FDC-42A3-9474-1A3956D46DE8}") = "Lab06", "Lab06", "{65F66CC2-2EDB-49A8-95EF-95FAEB046620}"
EndProject
Project("{2150E333-8FDC-42A3-9474-1A3956D46DE8}") = "Lab08", "Lab08", "{BDA4C6D7-E0B6-4E68-8BFF-3C3F3654022D}"
EndProject
Project("{8BC9CEB8-8B4A-11D0-8D11-00A0C91BC942}") = "01-A", "A\A.vcxproj", "{1D972AB9-5D78-46F3-B992-1DA5DA786177}"
EndProject
Project("{8BC9CEB8-8B4A-11D0-8D11-00A0C91BC942}") = "01-B", "B\B.vcxproj", "{718ED9A2-B045-40B4-9A07-E3162ABAB102}"
EndProject
Project("{8BC9CEB8-8B4A-11D0-8D11-00A0C91BC942}") = "04-B", "Intro\Lab04\04-B\04-B.vcxproj", "{ABD4A444-49FF-4E2C-B937-C4C739A5D043}"
EndProject
Project("{8BC9CEB8-8B4A-11D0-8D11-00A0C91BC942}") = "04-A", "Intro\Lab04\04-A\04-A.vcxproj", "{94E90036-5686-45C4-B252-34CCC9462E58}"
EndProject
Project("{8BC9CEB8-8B4A-11D0-8D11-00A0C91BC942}") = "04-C", "Intro\Lab04\04-C\04-C.vcxproj", "{B815202D-E129-47BF-B54C-F9B65A2EAE87}"
EndProject
Project("{8BC9CEB8-8B4A-11D0-8D11-00A0C91BC942}") = "04-D", "Intro\Lab04\04-D\04-D.vcxproj", "{7C6EBCAA-6417-4302-BE5F-397C8B290428}"
EndProject
Project("{8BC9CEB8-8B4A-11D0-8D11-00A0C91BC942}") = "04-E", "Intro\Lab04\04-E\04-E.vcxproj", "{2CE0700A-1437-4E61-8A81-7B5B2F30FF65}"
EndProject
Project("{8BC9CEB8-8B4A-11D0-8D11-00A0C91BC942}") = "04-F", "Intro\Lab04\04-F\04-F.vcxproj", "{1ED27FD0-5083-4C46-8706-0A0A3B43E9D7}"
EndProject
Project("{8BC9CEB8-8B4A-11D0-8D11-00A0C91BC942}") = "05-A", "Intro\Lab05\05-A\05-A.vcxproj", "{DC7BBB0B-102B-45CC-B0EB-7AA51DD3749A}"
EndProject
Project("{8BC9CEB8-8B4A-11D0-8D11-00A0C91BC942}") = "05-B", "Intro\Lab05\05-B\05-B.vcxproj", "{E2521FC9-514B-4FBE-A8EE-5DFB50B1B88B}"
EndProject
Project("{8BC9CEB8-8B4A-11D0-8D11-00A0C91BC942}") = "05-C", "Intro\Lab05\05-C\05-C.vcxproj", "{67F9A79C-BD7F-4921-9CD0-35595E904195}"
EndProject
Project("{8BC9CEB8-8B4A-11D0-8D11-00A0C91BC942}") = "05-D", "Intro\Lab05\05-D\05-D.vcxproj", "{A35855F8-F2FD-4A93-8FEC-F3AC0618C5E9}"
EndProject
Project("{8BC9CEB8-8B4A-11D0-8D11-00A0C91BC942}") = "05-E", "Intro\Lab05\05-E\05-E.vcxproj", "{F2231D2A-6C05-4EF9-A59F-2219894279C8}"
EndProject
Project("{8BC9CEB8-8B4A-11D0-8D11-00A0C91BC942}") = "06-A", "Intro\Lab06\06-A\06-A.vcxproj", "{8BF600F8-04C3-4D66-84D5-B08E3A0A27E9}"
EndProject
Project("{8BC9CEB8-8B4A-11D0-8D11-00A0C91BC942}") = "06-B", "Intro\Lab06\06-B\06-B.vcxproj", "{1D9A7F5C-FB60-40D7-B715-77A22BCE4DBE}"
EndProject
Project("{8BC9CEB8-8B4A-11D0-8D11-00A0C91BC942}") = "06-C", "Intro\Lab06\06-C\06-C.vcxproj", "{38032380-7689-4A9E-A93D-A93C4F296D0E}"
EndProject
Project("{8BC9CEB8-8B4A-11D0-8D11-00A0C91BC942}") = "06-D", "Intro\Lab06\06-D\06-D.vcxproj", "{CD066609-F7BC-4C1E-9BDC-2C54CB1DFFA2}"
EndProject
Project("{8BC9CEB8-8B4A-11D0-8D11-00A0C91BC942}") = "08-A", "Intro\Lab08\08-A\08-A.vcxproj", "{DA07434D-3622-4B7C-8650-8F45170D2AAF}"
EndProject
Project("{8BC9CEB8-8B4A-11D0-8D11-00A0C91BC942}") = "08-B", "Intro\Lab08\08-B\08-B.vcxproj", "{D10C3987-3AC0-4334-BE1D-D8E6F9EF0907}"
EndProject
Project("{2150E333-8FDC-42A3-9474-1A3956D46DE8}") = "GroupProjects", "GroupProjects", "{551B80B7-F6C7-4A20-8B28-6A725925E76B}"
EndProject
Project("{8BC9CEB8-8B4A-11D0-8D11-00A0C91BC942}") = "GroupProject01", "Intro\Group Projects\GroupProject01\GroupProject01.vcxproj", "{8736A8D1-D263-4841-AADE-5BFACA610F5D}"
EndProject
Project("{8BC9CEB8-8B4A-11D0-8D11-00A0C91BC942}") = "GroupProject02", "Intro\Group Projects\GroupProject02\GroupProject02.vcxproj", "{37C22CD5-38D5-40B2-BB55-3BD9E4B8122D}"
EndProject
Global
	GlobalSection(SolutionConfigurationPlatforms) = preSolution
		Debug|x86 = Debug|x86
		Release|x86 = Release|x86
	EndGlobalSection
	GlobalSection(ProjectConfigurationPlatforms) = postSolution
		{1D972AB9-5D78-46F3-B992-1DA5DA786177}.Debug|x86.ActiveCfg = Debug|Win32
		{1D972AB9-5D78-46F3-B992-1DA5DA786177}.Debug|x86.Build.0 = Debug|Win32
		{1D972AB9-5D78-46F3-B992-1DA5DA786177}.Release|x86.ActiveCfg = Release|Win32
		{1D972AB9-5D78-46F3-B992-1DA5DA786177}.Release|x86.Build.0 = Release|Win32
		{718ED9A2-B045-40B4-9A07-E3162ABAB102}.Debug|x86.ActiveCfg = Debug|Win32
		{718ED9A2-B045-40B4-9A07-E3162ABAB102}.Debug|x86.Build.0 = Debug|Win32
		{718ED9A2-B045-40B4-9A07-E3162ABAB102}.Release|x86.ActiveCfg = Release|Win32
		{718ED9A2-B045-40B4-9A07-E3162ABAB102}.Release|x86.Build.0 = Release|Win32
		{ABD4A444-49FF-4E2C-B937-C4C739A5D043}.Debug|x86.ActiveCfg = Debug|Win32
		{ABD4A444-49FF-4E2C-B937-C4C739A5D043}.Debug|x86.Build.0 = Debug|Win32
		{ABD4A444-49FF-4E2C-B937-C4C739A5D043}.Release|x86.ActiveCfg = Release|Win32
		{ABD4A444-49FF-4E2C-B937-C4C739A5D043}.Release|x86.Build.0 = Release|Win32
		{94E90036-5686-45C4-B252-34CCC9462E58}.Debug|x86.ActiveCfg = Debug|Win32
		{94E90036-5686-45C4-B252-34CCC9462E58}.Debug|x86.Build.0 = Debug|Win32
		{94E90036-5686-45C4-B252-34CCC9462E58}.Release|x86.ActiveCfg = Release|Win32
		{94E90036-5686-45C4-B252-34CCC9462E58}.Release|x86.Build.0 = Release|Win32
		{B815202D-E129-47BF-B54C-F9B65A2EAE87}.Debug|x86.ActiveCfg = Debug|Win32
		{B815202D-E129-47BF-B54C-F9B65A2EAE87}.Debug|x86.Build.0 = Debug|Win32
		{B815202D-E129-47BF-B54C-F9B65A2EAE87}.Release|x86.ActiveCfg = Release|Win32
		{B815202D-E129-47BF-B54C-F9B65A2EAE87}.Release|x86.Build.0 = Release|Win32
		{7C6EBCAA-6417-4302-BE5F-397C8B290428}.Debug|x86.ActiveCfg = Debug|Win32
		{7C6EBCAA-6417-4302-BE5F-397C8B290428}.Debug|x86.Build.0 = Debug|Win32
		{7C6EBCAA-6417-4302-BE5F-397C8B290428}.Release|x86.ActiveCfg = Release|Win32
		{7C6EBCAA-6417-4302-BE5F-397C8B290428}.Release|x86.Build.0 = Release|Win32
		{2CE0700A-1437-4E61-8A81-7B5B2F30FF65}.Debug|x86.ActiveCfg = Debug|Win32
		{2CE0700A-1437-4E61-8A81-7B5B2F30FF65}.Debug|x86.Build.0 = Debug|Win32
		{2CE0700A-1437-4E61-8A81-7B5B2F30FF65}.Release|x86.ActiveCfg = Release|Win32
		{2CE0700A-1437-4E61-8A81-7B5B2F30FF65}.Release|x86.Build.0 = Release|Win32
		{1ED27FD0-5083-4C46-8706-0A0A3B43E9D7}.Debug|x86.ActiveCfg = Debug|Win32
		{1ED27FD0-5083-4C46-8706-0A0A3B43E9D7}.Debug|x86.Build.0 = Debug|Win32
		{1ED27FD0-5083-4C46-8706-0A0A3B43E9D7}.Release|x86.ActiveCfg = Release|Win32
		{1ED27FD0-5083-4C46-8706-0A0A3B43E9D7}.Release|x86.Build.0 = Release|Win32
		{DC7BBB0B-102B-45CC-B0EB-7AA51DD3749A}.Debug|x86.ActiveCfg = Debug|Win32
		{DC7BBB0B-102B-45CC-B0EB-7AA51DD3749A}.Debug|x86.Build.0 = Debug|Win32
		{DC7BBB0B-102B-45CC-B0EB-7AA51DD3749A}.Release|x86.ActiveCfg = Release|Win32
		{DC7BBB0B-102B-45CC-B0EB-7AA51DD3749A}.Release|x86.Build.0 = Release|Win32
		{E2521FC9-514B-4FBE-A8EE-5DFB50B1B88B}.Debug|x86.ActiveCfg = Debug|Win32
		{E2521FC9-514B-4FBE-A8EE-5DFB50B1B88B}.Debug|x86.Build.0 = Debug|Win32
		{E2521FC9-514B-4FBE-A8EE-5DFB50B1B88B}.Release|x86.ActiveCfg = Release|Win32
		{E2521FC9-514B-4FBE-A8EE-5DFB50B1B88B}.Release|x86.Build.0 = Release|Win32
		{67F9A79C-BD7F-4921-9CD0-35595E904195}.Debug|x86.ActiveCfg = Debug|Win32
		{67F9A79C-BD7F-4921-9CD0-35595E904195}.Debug|x86.Build.0 = Debug|Win32
		{67F9A79C-BD7F-4921-9CD0-35595E904195}.Release|x86.ActiveCfg = Release|Win32
		{67F9A79C-BD7F-4921-9CD0-35595E904195}.Release|x86.Build.0 = Release|Win32
		{A35855F8-F2FD-4A93-8FEC-F3AC0618C5E9}.Debug|x86.ActiveCfg = Debug|Win32
		{A35855F8-F2FD-4A93-8FEC-F3AC0618C5E9}.Debug|x86.Build.0 = Debug|Win32
		{A35855F8-F2FD-4A93-8FEC-F3AC0618C5E9}.Release|x86.ActiveCfg = Release|Win32
		{A35855F8-F2FD-4A93-8FEC-F3AC0618C5E9}.Release|x86.Build.0 = Release|Win32
		{F2231D2A-6C05-4EF9-A59F-2219894279C8}.Debug|x86.ActiveCfg = Debug|Win32
		{F2231D2A-6C05-4EF9-A59F-2219894279C8}.Debug|x86.Build.0 = Debug|Win32
		{F2231D2A-6C05-4EF9-A59F-2219894279C8}.Release|x86.ActiveCfg = Release|Win32
		{F2231D2A-6C05-4EF9-A59F-2219894279C8}.Release|x86.Build.0 = Release|Win32
		{8BF600F8-04C3-4D66-84D5-B08E3A0A27E9}.Debug|x86.ActiveCfg = Debug|Win32
		{8BF600F8-04C3-4D66-84D5-B08E3A0A27E9}.Debug|x86.Build.0 = Debug|Win32
		{8BF600F8-04C3-4D66-84D5-B08E3A0A27E9}.Release|x86.ActiveCfg = Release|Win32
		{8BF600F8-04C3-4D66-84D5-B08E3A0A27E9}.Release|x86.Build.0 = Release|Win32
		{1D9A7F5C-FB60-40D7-B715-77A22BCE4DBE}.Debug|x86.ActiveCfg = Debug|Win32
		{1D9A7F5C-FB60-40D7-B715-77A22BCE4DBE}.Debug|x86.Build.0 = Debug|Win32
		{1D9A7F5C-FB60-40D7-B715-77A22BCE4DBE}.Release|x86.ActiveCfg = Release|Win32
		{1D9A7F5C-FB60-40D7-B715-77A22BCE4DBE}.Release|x86.Build.0 = Release|Win32
		{38032380-7689-4A9E-A93D-A93C4F296D0E}.Debug|x86.ActiveCfg = Debug|Win32
		{38032380-7689-4A9E-A93D-A93C4F296D0E}.Debug|x86.Build.0 = Debug|Win32
		{38032380-7689-4A9E-A93D-A93C4F296D0E}.Release|x86.ActiveCfg = Release|Win32
		{38032380-7689-4A9E-A93D-A93C4F296D0E}.Release|x86.Build.0 = Release|Win32
		{CD066609-F7BC-4C1E-9BDC-2C54CB1DFFA2}.Debug|x86.ActiveCfg = Debug|Win32
		{CD066609-F7BC-4C1E-9BDC-2C54CB1DFFA2}.Debug|x86.Build.0 = Debug|Win32
		{CD066609-F7BC-4C1E-9BDC-2C54CB1DFFA2}.Release|x86.ActiveCfg = Release|Win32
		{CD066609-F7BC-4C1E-9BDC-2C54CB1DFFA2}.Release|x86.Build.0 = Release|Win32
		{DA07434D-3622-4B7C-8650-8F45170D2AAF}.Debug|x86.ActiveCfg = Debug|Win32
		{DA07434D-3622-4B7C-8650-8F45170D2AAF}.Debug|x86.Build.0 = Debug|Win32
		{DA07434D-3622-4B7C-8650-8F45170D2AAF}.Release|x86.ActiveCfg = Release|Win32
		{DA07434D-3622-4B7C-8650-8F45170D2AAF}.Release|x86.Build.0 = Release|Win32
		{D10C3987-3AC0-4334-BE1D-D8E6F9EF0907}.Debug|x86.ActiveCfg = Debug|Win32
		{D10C3987-3AC0-4334-BE1D-D8E6F9EF0907}.Debug|x86.Build.0 = Debug|Win32
		{D10C3987-3AC0-4334-BE1D-D8E6F9EF0907}.Release|x86.ActiveCfg = Release|Win32
		{D10C3987-3AC0-4334-BE1D-D8E6F9EF0907}.Release|x86.Build.0 = Release|Win32
		{8736A8D1-D263-4841-AADE-5BFACA610F5D}.Debug|x86.ActiveCfg = Debug|Win32
		{8736A8D1-D263-4841-AADE-5BFACA610F5D}.Debug|x86.Build.0 = Debug|Win32
		{8736A8D1-D263-4841-AADE-5BFACA610F5D}.Release|x86.ActiveCfg = Release|Win32
		{8736A8D1-D263-4841-AADE-5BFACA610F5D}.Release|x86.Build.0 = Release|Win32
		{37C22CD5-38D5-40B2-BB55-3BD9E4B8122D}.Debug|x86.ActiveCfg = Debug|Win32
		{37C22CD5-38D5-40B2-BB55-3BD9E4B8122D}.Debug|x86.Build.0 = Debug|Win32
		{37C22CD5-38D5-40B2-BB55-3BD9E4B8122D}.Release|x86.ActiveCfg = Release|Win32
		{37C22CD5-38D5-40B2-BB55-3BD9E4B8122D}.Release|x86.Build.0 = Release|Win32
	EndGlobalSection
	GlobalSection(SolutionProperties) = preSolution
		HideSolutionNode = FALSE
	EndGlobalSection
	GlobalSection(NestedProjects) = preSolution
		{E6261054-6EDE-4D69-9DE0-762957854BA2} = {394BF964-D032-4F4C-8874-193D83C21A31}
		{97C3DD49-3D24-4204-8BB9-BEFF1D9A7246} = {394BF964-D032-4F4C-8874-193D83C21A31}
		{84C60E25-7CF4-4EAB-8B7B-8760B1844678} = {394BF964-D032-4F4C-8874-193D83C21A31}
		{65F66CC2-2EDB-49A8-95EF-95FAEB046620} = {394BF964-D032-4F4C-8874-193D83C21A31}
		{BDA4C6D7-E0B6-4E68-8BFF-3C3F3654022D} = {394BF964-D032-4F4C-8874-193D83C21A31}
		{1D972AB9-5D78-46F3-B992-1DA5DA786177} = {E6261054-6EDE-4D69-9DE0-762957854BA2}
		{718ED9A2-B045-40B4-9A07-E3162ABAB102} = {E6261054-6EDE-4D69-9DE0-762957854BA2}
		{ABD4A444-49FF-4E2C-B937-C4C739A5D043} = {97C3DD49-3D24-4204-8BB9-BEFF1D9A7246}
		{94E90036-5686-45C4-B252-34CCC9462E58} = {97C3DD49-3D24-4204-8BB9-BEFF1D9A7246}
		{B815202D-E129-47BF-B54C-F9B65A2EAE87} = {97C3DD49-3D24-4204-8BB9-BEFF1D9A7246}
		{7C6EBCAA-6417-4302-BE5F-397C8B290428} = {97C3DD49-3D24-4204-8BB9-BEFF1D9A7246}
		{2CE0700A-1437-4E61-8A81-7B5B2F30FF65} = {97C3DD49-3D24-4204-8BB9-BEFF1D9A7246}
		{1ED27FD0-5083-4C46-8706-0A0A3B43E9D7} = {97C3DD49-3D24-4204-8BB9-BEFF1D9A7246}
		{DC7BBB0B-102B-45CC-B0EB-7AA51DD3749A} = {84C60E25-7CF4-4EAB-8B7B-8760B1844678}
		{E2521FC9-514B-4FBE-A8EE-5DFB50B1B88B} = {84C60E25-7CF4-4EAB-8B7B-8760B1844678}
		{67F9A79C-BD7F-4921-9CD0-35595E904195} = {84C60E25-7CF4-4EAB-8B7B-8760B1844678}
		{A35855F8-F2FD-4A93-8FEC-F3AC0618C5E9} = {84C60E25-7CF4-4EAB-8B7B-8760B1844678}
		{F2231D2A-6C05-4EF9-A59F-2219894279C8} = {84C60E25-7CF4-4EAB-8B7B-8760B1844678}
		{8BF600F8-04C3-4D66-84D5-B08E3A0A27E9} = {65F66CC2-2EDB-49A8-95EF-95FAEB046620}
		{1D9A7F5C-FB60-40D7-B715-77A22BCE4DBE} = {65F66CC2-2EDB-49A8-95EF-95FAEB046620}
		{38032380-7689-4A9E-A93D-A93C4F296D0E} = {65F66CC2-2EDB-49A8-95EF-95FAEB046620}
		{CD066609-F7BC-4C1E-9BDC-2C54CB1DFFA2} = {65F66CC2-2EDB-49A8-95EF-95FAEB046620}
		{DA07434D-3622-4B7C-8650-8F45170D2AAF} = {BDA4C6D7-E0B6-4E68-8BFF-3C3F3654022D}
		{D10C3987-3AC0-4334-BE1D-D8E6F9EF0907} = {BDA4C6D7-E0B6-4E68-8BFF-3C3F3654022D}
		{551B80B7-F6C7-4A20-8B28-6A725925E76B} = {394BF964-D032-4F4C-8874-193D83C21A31}
		{8736A8D1-D263-4841-AADE-5BFACA610F5D} = {551B80B7-F6C7-4A20-8B28-6A725925E76B}
		{37C22CD5-38D5-40B2-BB55-3BD9E4B8122D} = {551B80B7-F6C7-4A20-8B28-6A725925E76B}
	EndGlobalSection
EndGlobal
