
Microsoft Visual Studio Solution File, Format Version 12.00
# Visual Studio 14
VisualStudioVersion = 14.0.22823.1
MinimumVisualStudioVersion = 10.0.40219.1
Project("{2150E333-8FDC-42A3-9474-1A3956D46DE8}") = "Intro to C++", "Intro to C++", "{394BF964-D032-4F4C-8874-193D83C21A31}"
EndProject
Project("{2150E333-8FDC-42A3-9474-1A3956D46DE8}") = "Advanced C++", "Advanced C++", "{8AC1915F-108B-4C4D-8ADA-604852E177B1}"
EndProject
Project("{2150E333-8FDC-42A3-9474-1A3956D46DE8}") = "Lab01", "Lab01", "{E6261054-6EDE-4D69-9DE0-762957854BA2}"
EndProject
Project("{2150E333-8FDC-42A3-9474-1A3956D46DE8}") = "Lab04", "Lab04", "{97C3DD49-3D24-4204-8BB9-BEFF1D9A7246}"
EndProject
Project("{2150E333-8FDC-42A3-9474-1A3956D46DE8}") = "Lab05", "Lab05", "{84C60E25-7CF4-4EAB-8B7B-8760B1844678}"
EndProject
Project("{2150E333-8FDC-42A3-9474-1A3956D46DE8}") = "Lab06", "Lab06", "{65F66CC2-2EDB-49A8-95EF-95FAEB046620}"
EndProject
Project("{2150E333-8FDC-42A3-9474-1A3956D46DE8}") = "Lab08", "Lab08", "{BDA4C6D7-E0B6-4E68-8BFF-3C3F3654022D}"
EndProject
Project("{2150E333-8FDC-42A3-9474-1A3956D46DE8}") = "GP1", "GP1", "{B9C02F37-92C9-4E34-A1B3-5F59F3D12485}"
EndProject
Project("{2150E333-8FDC-42A3-9474-1A3956D46DE8}") = "GP2", "GP2", "{C97689E6-07FD-4B3F-A41F-7301C943F4F0}"
EndProject
Project("{8BC9CEB8-8B4A-11D0-8D11-00A0C91BC942}") = "01-A", "A\A.vcxproj", "{1D972AB9-5D78-46F3-B992-1DA5DA786177}"
EndProject
Project("{8BC9CEB8-8B4A-11D0-8D11-00A0C91BC942}") = "01-B", "B\B.vcxproj", "{718ED9A2-B045-40B4-9A07-E3162ABAB102}"
EndProject
Project("{8BC9CEB8-8B4A-11D0-8D11-00A0C91BC942}") = "04-A", "Project2\Project2.vcxproj", "{3107C6A3-C42D-4957-8138-E4C4ABD3C9D8}"
EndProject
Project("{8BC9CEB8-8B4A-11D0-8D11-00A0C91BC942}") = "04-B", "04-B\04-B.vcxproj", "{5ADF0560-6694-4E2E-9E56-A4711341ADC2}"
EndProject
Project("{8BC9CEB8-8B4A-11D0-8D11-00A0C91BC942}") = "04-C", "04-C\04-C.vcxproj", "{B815202D-E129-47BF-B54C-F9B65A2EAE87}"
EndProject
Project("{8BC9CEB8-8B4A-11D0-8D11-00A0C91BC942}") = "04-D", "04-D\04-D.vcxproj", "{7C6EBCAA-6417-4302-BE5F-397C8B290428}"
EndProject
Project("{8BC9CEB8-8B4A-11D0-8D11-00A0C91BC942}") = "04-E", "04-E\04-E.vcxproj", "{2CE0700A-1437-4E61-8A81-7B5B2F30FF65}"
EndProject
Project("{8BC9CEB8-8B4A-11D0-8D11-00A0C91BC942}") = "04-F", "04-F\04-F.vcxproj", "{1ED27FD0-5083-4C46-8706-0A0A3B43E9D7}"
EndProject
Global
	GlobalSection(SolutionConfigurationPlatforms) = preSolution
		Debug|x86 = Debug|x86
		Release|x86 = Release|x86
	EndGlobalSection
	GlobalSection(ProjectConfigurationPlatforms) = postSolution
		{1D972AB9-5D78-46F3-B992-1DA5DA786177}.Debug|x86.ActiveCfg = Debug|Win32
		{1D972AB9-5D78-46F3-B992-1DA5DA786177}.Debug|x86.Build.0 = Debug|Win32
		{1D972AB9-5D78-46F3-B992-1DA5DA786177}.Release|x86.ActiveCfg = Release|Win32
		{1D972AB9-5D78-46F3-B992-1DA5DA786177}.Release|x86.Build.0 = Release|Win32
		{718ED9A2-B045-40B4-9A07-E3162ABAB102}.Debug|x86.ActiveCfg = Debug|Win32
		{718ED9A2-B045-40B4-9A07-E3162ABAB102}.Debug|x86.Build.0 = Debug|Win32
		{718ED9A2-B045-40B4-9A07-E3162ABAB102}.Release|x86.ActiveCfg = Release|Win32
		{718ED9A2-B045-40B4-9A07-E3162ABAB102}.Release|x86.Build.0 = Release|Win32
		{3107C6A3-C42D-4957-8138-E4C4ABD3C9D8}.Debug|x86.ActiveCfg = Debug|Win32
		{3107C6A3-C42D-4957-8138-E4C4ABD3C9D8}.Debug|x86.Build.0 = Debug|Win32
		{3107C6A3-C42D-4957-8138-E4C4ABD3C9D8}.Release|x86.ActiveCfg = Release|Win32
		{3107C6A3-C42D-4957-8138-E4C4ABD3C9D8}.Release|x86.Build.0 = Release|Win32
		{5ADF0560-6694-4E2E-9E56-A4711341ADC2}.Debug|x86.ActiveCfg = Debug|Win32
		{5ADF0560-6694-4E2E-9E56-A4711341ADC2}.Debug|x86.Build.0 = Debug|Win32
		{5ADF0560-6694-4E2E-9E56-A4711341ADC2}.Release|x86.ActiveCfg = Release|Win32
		{5ADF0560-6694-4E2E-9E56-A4711341ADC2}.Release|x86.Build.0 = Release|Win32
		{B815202D-E129-47BF-B54C-F9B65A2EAE87}.Debug|x86.ActiveCfg = Debug|Win32
		{B815202D-E129-47BF-B54C-F9B65A2EAE87}.Debug|x86.Build.0 = Debug|Win32
		{B815202D-E129-47BF-B54C-F9B65A2EAE87}.Release|x86.ActiveCfg = Release|Win32
		{B815202D-E129-47BF-B54C-F9B65A2EAE87}.Release|x86.Build.0 = Release|Win32
		{7C6EBCAA-6417-4302-BE5F-397C8B290428}.Debug|x86.ActiveCfg = Debug|Win32
		{7C6EBCAA-6417-4302-BE5F-397C8B290428}.Debug|x86.Build.0 = Debug|Win32
		{7C6EBCAA-6417-4302-BE5F-397C8B290428}.Release|x86.ActiveCfg = Release|Win32
		{7C6EBCAA-6417-4302-BE5F-397C8B290428}.Release|x86.Build.0 = Release|Win32
		{2CE0700A-1437-4E61-8A81-7B5B2F30FF65}.Debug|x86.ActiveCfg = Debug|Win32
		{2CE0700A-1437-4E61-8A81-7B5B2F30FF65}.Debug|x86.Build.0 = Debug|Win32
		{2CE0700A-1437-4E61-8A81-7B5B2F30FF65}.Release|x86.ActiveCfg = Release|Win32
		{2CE0700A-1437-4E61-8A81-7B5B2F30FF65}.Release|x86.Build.0 = Release|Win32
		{1ED27FD0-5083-4C46-8706-0A0A3B43E9D7}.Debug|x86.ActiveCfg = Debug|Win32
		{1ED27FD0-5083-4C46-8706-0A0A3B43E9D7}.Debug|x86.Build.0 = Debug|Win32
		{1ED27FD0-5083-4C46-8706-0A0A3B43E9D7}.Release|x86.ActiveCfg = Release|Win32
		{1ED27FD0-5083-4C46-8706-0A0A3B43E9D7}.Release|x86.Build.0 = Release|Win32
	EndGlobalSection
	GlobalSection(SolutionProperties) = preSolution
		HideSolutionNode = FALSE
	EndGlobalSection
	GlobalSection(NestedProjects) = preSolution
		{E6261054-6EDE-4D69-9DE0-762957854BA2} = {394BF964-D032-4F4C-8874-193D83C21A31}
		{97C3DD49-3D24-4204-8BB9-BEFF1D9A7246} = {394BF964-D032-4F4C-8874-193D83C21A31}
		{84C60E25-7CF4-4EAB-8B7B-8760B1844678} = {394BF964-D032-4F4C-8874-193D83C21A31}
		{65F66CC2-2EDB-49A8-95EF-95FAEB046620} = {394BF964-D032-4F4C-8874-193D83C21A31}
		{BDA4C6D7-E0B6-4E68-8BFF-3C3F3654022D} = {394BF964-D032-4F4C-8874-193D83C21A31}
		{B9C02F37-92C9-4E34-A1B3-5F59F3D12485} = {394BF964-D032-4F4C-8874-193D83C21A31}
		{C97689E6-07FD-4B3F-A41F-7301C943F4F0} = {394BF964-D032-4F4C-8874-193D83C21A31}
		{1D972AB9-5D78-46F3-B992-1DA5DA786177} = {E6261054-6EDE-4D69-9DE0-762957854BA2}
		{718ED9A2-B045-40B4-9A07-E3162ABAB102} = {E6261054-6EDE-4D69-9DE0-762957854BA2}
		{3107C6A3-C42D-4957-8138-E4C4ABD3C9D8} = {97C3DD49-3D24-4204-8BB9-BEFF1D9A7246}
		{5ADF0560-6694-4E2E-9E56-A4711341ADC2} = {97C3DD49-3D24-4204-8BB9-BEFF1D9A7246}
		{B815202D-E129-47BF-B54C-F9B65A2EAE87} = {97C3DD49-3D24-4204-8BB9-BEFF1D9A7246}
		{7C6EBCAA-6417-4302-BE5F-397C8B290428} = {97C3DD49-3D24-4204-8BB9-BEFF1D9A7246}
		{2CE0700A-1437-4E61-8A81-7B5B2F30FF65} = {97C3DD49-3D24-4204-8BB9-BEFF1D9A7246}
		{1ED27FD0-5083-4C46-8706-0A0A3B43E9D7} = {97C3DD49-3D24-4204-8BB9-BEFF1D9A7246}
	EndGlobalSection
EndGlobal
