
Microsoft Visual Studio Solution File, Format Version 12.00
# Visual Studio 14
VisualStudioVersion = 14.0.22823.1
MinimumVisualStudioVersion = 10.0.40219.1
Project("{2150E333-8FDC-42A3-9474-1A3956D46DE8}") = "Intro to C++", "Intro to C++", "{394BF964-D032-4F4C-8874-193D83C21A31}"
EndProject
Project("{2150E333-8FDC-42A3-9474-1A3956D46DE8}") = "Advanced C++", "Advanced C++", "{8AC1915F-108B-4C4D-8ADA-604852E177B1}"
EndProject
Project("{2150E333-8FDC-42A3-9474-1A3956D46DE8}") = "Lab01", "Lab01", "{E6261054-6EDE-4D69-9DE0-762957854BA2}"
EndProject
Project("{2150E333-8FDC-42A3-9474-1A3956D46DE8}") = "Lab04", "Lab04", "{97C3DD49-3D24-4204-8BB9-BEFF1D9A7246}"
EndProject
Project("{2150E333-8FDC-42A3-9474-1A3956D46DE8}") = "Lab05", "Lab05", "{84C60E25-7CF4-4EAB-8B7B-8760B1844678}"
EndProject
Project("{2150E333-8FDC-42A3-9474-1A3956D46DE8}") = "Lab06", "Lab06", "{65F66CC2-2EDB-49A8-95EF-95FAEB046620}"
EndProject
Project("{2150E333-8FDC-42A3-9474-1A3956D46DE8}") = "Lab08", "Lab08", "{BDA4C6D7-E0B6-4E68-8BFF-3C3F3654022D}"
EndProject
Project("{8BC9CEB8-8B4A-11D0-8D11-00A0C91BC942}") = "01-A", "A\A.vcxproj", "{1D972AB9-5D78-46F3-B992-1DA5DA786177}"
EndProject
Project("{8BC9CEB8-8B4A-11D0-8D11-00A0C91BC942}") = "01-B", "B\B.vcxproj", "{718ED9A2-B045-40B4-9A07-E3162ABAB102}"
EndProject
Project("{8BC9CEB8-8B4A-11D0-8D11-00A0C91BC942}") = "04-B", "Intro\Lab04\04-B\04-B.vcxproj", "{ABD4A444-49FF-4E2C-B937-C4C739A5D043}"
EndProject
Project("{8BC9CEB8-8B4A-11D0-8D11-00A0C91BC942}") = "04-A", "Intro\Lab04\04-A\04-A.vcxproj", "{94E90036-5686-45C4-B252-34CCC9462E58}"
EndProject
Project("{8BC9CEB8-8B4A-11D0-8D11-00A0C91BC942}") = "04-C", "Intro\Lab04\04-C\04-C.vcxproj", "{B815202D-E129-47BF-B54C-F9B65A2EAE87}"
EndProject
Project("{8BC9CEB8-8B4A-11D0-8D11-00A0C91BC942}") = "04-D", "Intro\Lab04\04-D\04-D.vcxproj", "{7C6EBCAA-6417-4302-BE5F-397C8B290428}"
EndProject
Project("{8BC9CEB8-8B4A-11D0-8D11-00A0C91BC942}") = "04-E", "Intro\Lab04\04-E\04-E.vcxproj", "{2CE0700A-1437-4E61-8A81-7B5B2F30FF65}"
EndProject
Project("{8BC9CEB8-8B4A-11D0-8D11-00A0C91BC942}") = "04-F", "Intro\Lab04\04-F\04-F.vcxproj", "{1ED27FD0-5083-4C46-8706-0A0A3B43E9D7}"
EndProject
Project("{8BC9CEB8-8B4A-11D0-8D11-00A0C91BC942}") = "05-A", "Intro\Lab05\05-A\05-A.vcxproj", "{DC7BBB0B-102B-45CC-B0EB-7AA51DD3749A}"
EndProject
Project("{8BC9CEB8-8B4A-11D0-8D11-00A0C91BC942}") = "05-B", "Intro\Lab05\05-B\05-B.vcxproj", "{E2521FC9-514B-4FBE-A8EE-5DFB50B1B88B}"
EndProject
Project("{8BC9CEB8-8B4A-11D0-8D11-00A0C91BC942}") = "05-C", "Intro\Lab05\05-C\05-C.vcxproj", "{67F9A79C-BD7F-4921-9CD0-35595E904195}"
EndProject
Project("{8BC9CEB8-8B4A-11D0-8D11-00A0C91BC942}") = "05-D", "Intro\Lab05\05-D\05-D.vcxproj", "{A35855F8-F2FD-4A93-8FEC-F3AC0618C5E9}"
EndProject
Project("{8BC9CEB8-8B4A-11D0-8D11-00A0C91BC942}") = "05-E", "Intro\Lab05\05-E\05-E.vcxproj", "{F2231D2A-6C05-4EF9-A59F-2219894279C8}"
EndProject
Project("{8BC9CEB8-8B4A-11D0-8D11-00A0C91BC942}") = "06-A", "Intro\Lab06\06-A\06-A.vcxproj", "{8BF600F8-04C3-4D66-84D5-B08E3A0A27E9}"
EndProject
Project("{8BC9CEB8-8B4A-11D0-8D11-00A0C91BC942}") = "06-B", "Intro\Lab06\06-B\06-B.vcxproj", "{1D9A7F5C-FB60-40D7-B715-77A22BCE4DBE}"
EndProject
Project("{8BC9CEB8-8B4A-11D0-8D11-00A0C91BC942}") = "06-C", "Intro\Lab06\06-C\06-C.vcxproj", "{38032380-7689-4A9E-A93D-A93C4F296D0E}"
EndProject
Project("{8BC9CEB8-8B4A-11D0-8D11-00A0C91BC942}") = "06-D", "Intro\Lab06\06-D\06-D.vcxproj", "{CD066609-F7BC-4C1E-9BDC-2C54CB1DFFA2}"
EndProject
Project("{8BC9CEB8-8B4A-11D0-8D11-00A0C91BC942}") = "08-A", "Intro\Lab08\08-A\08-A.vcxproj", "{DA07434D-3622-4B7C-8650-8F45170D2AAF}"
EndProject
Project("{8BC9CEB8-8B4A-11D0-8D11-00A0C91BC942}") = "08-B", "Intro\Lab08\08-B\08-B.vcxproj", "{D10C3987-3AC0-4334-BE1D-D8E6F9EF0907}"
EndProject
Project("{2150E333-8FDC-42A3-9474-1A3956D46DE8}") = "GroupProjects", "GroupProjects", "{551B80B7-F6C7-4A20-8B28-6A725925E76B}"
EndProject
Project("{8BC9CEB8-8B4A-11D0-8D11-00A0C91BC942}") = "GroupProject01", "Intro\Group Projects\GroupProject01\GroupProject01.vcxproj", "{8736A8D1-D263-4841-AADE-5BFACA610F5D}"
EndProject
Project("{8BC9CEB8-8B4A-11D0-8D11-00A0C91BC942}") = "GroupProject02", "Intro\Group Projects\GroupProject02\GroupProject02.vcxproj", "{37C22CD5-38D5-40B2-BB55-3BD9E4B8122D}"
EndProject
Project("{2150E333-8FDC-42A3-9474-1A3956D46DE8}") = "Lab09", "Lab09", "{8BF90DC0-D95F-41F1-88E4-28A0AF37908C}"
EndProject
Project("{8BC9CEB8-8B4A-11D0-8D11-00A0C91BC942}") = "09-01", "Advanced\Lab09\09-01\09-01.vcxproj", "{DFD1668D-3B63-4C42-9935-BB664DC91A21}"
EndProject
Project("{8BC9CEB8-8B4A-11D0-8D11-00A0C91BC942}") = "09-05", "Advanced\Lab09\09-05\09-05.vcxproj", "{99A8BEA2-1FAE-4BFD-A4D4-0EE2F0825635}"
EndProject
Project("{8BC9CEB8-8B4A-11D0-8D11-00A0C91BC942}") = "09-10", "Advanced\Lab09\09-10\09-10.vcxproj", "{1F3D1E26-CAFB-4EB9-966F-70AE130008FF}"
EndProject
Project("{2150E333-8FDC-42A3-9474-1A3956D46DE8}") = "Lab11", "Lab11", "{A193F4DC-4289-43FC-B163-DBDF5FCDBC97}"
EndProject
Project("{8BC9CEB8-8B4A-11D0-8D11-00A0C91BC942}") = "11-02", "Advanced\Lab11\11-02\11-02.vcxproj", "{078A824E-BF40-4C8F-AB3C-419695C53426}"
EndProject
Project("{8BC9CEB8-8B4A-11D0-8D11-00A0C91BC942}") = "11-04", "Advanced\Lab11\11-04\11-04.vcxproj", "{2762A66C-18E8-42B0-80BB-D1EB40F13C7B}"
EndProject
Project("{2150E333-8FDC-42A3-9474-1A3956D46DE8}") = "Lab12", "Lab12", "{0E5D2A5E-AB93-4CF7-B021-2431ADBCCF98}"
EndProject
Project("{8BC9CEB8-8B4A-11D0-8D11-00A0C91BC942}") = "12-07", "Advanced\Lab12\12-07\12-7.vcxproj", "{AC0154A6-6FA6-4FED-A860-D11DA872C0BA}"
EndProject
Project("{8BC9CEB8-8B4A-11D0-8D11-00A0C91BC942}") = "12-12", "Advanced\Lab12\12-12\12-12.vcxproj", "{A96D5BC5-223A-4D40-A4A4-0956CCF18333}"
EndProject
Project("{8BC9CEB8-8B4A-11D0-8D11-00A0C91BC942}") = "12-14", "Advanced\Lab12\12-14\12-14.vcxproj", "{82D7EB97-7CC6-41E1-A5E1-B852BF420AE4}"
EndProject
Project("{2150E333-8FDC-42A3-9474-1A3956D46DE8}") = "Lab13", "Lab13", "{51A29980-2480-42E4-8E91-33BE7F58FBEE}"
EndProject
Project("{8BC9CEB8-8B4A-11D0-8D11-00A0C91BC942}") = "13-04", "Advanced\Lab13\13-04\13-04.vcxproj", "{DCF1C3BD-FC72-466E-8D30-EEA37156B37F}"
EndProject
Project("{8BC9CEB8-8B4A-11D0-8D11-00A0C91BC942}") = "13-07", "Advanced\Lab13\13-07\13-07.vcxproj", "{A8856EF1-6BC4-412F-87DC-8CDA1E39759B}"
EndProject
Project("{8BC9CEB8-8B4A-11D0-8D11-00A0C91BC942}") = "13-08", "Advanced\Lab13\13-08\13-08.vcxproj", "{48E3381C-4E54-4D2C-9019-4154695BDBC7}"
EndProject
Project("{8BC9CEB8-8B4A-11D0-8D11-00A0C91BC942}") = "13-14", "Advanced\Lab13\13-14\13-14.vcxproj", "{116B5071-522F-402D-A954-0DCF8E7DAA09}"
EndProject
Project("{2150E333-8FDC-42A3-9474-1A3956D46DE8}") = "Lab14", "Lab14", "{6F890672-8652-491E-A123-B6B275F3FB2E}"
EndProject
Project("{8BC9CEB8-8B4A-11D0-8D11-00A0C91BC942}") = "14-06", "Advanced\Lab14\14-06\14-06.vcxproj", "{167B57B0-AA94-4A6B-B2E2-EA6DF288B26F}"
EndProject
Project("{8BC9CEB8-8B4A-11D0-8D11-00A0C91BC942}") = "14-07", "Advanced\Lab14\14-07\14-07.vcxproj", "{3C1456AE-69F6-4E5C-B989-739E905C9E87}"
EndProject
Project("{2150E333-8FDC-42A3-9474-1A3956D46DE8}") = "Lab15", "Lab15", "{82A54979-75A2-4252-A511-F043B7321C49}"
EndProject
Project("{8BC9CEB8-8B4A-11D0-8D11-00A0C91BC942}") = "15-03", "Advanced\Lab15\15-03\15-03.vcxproj", "{AB818FFB-B58C-4E00-B6B0-13354770815A}"
EndProject
Project("{8BC9CEB8-8B4A-11D0-8D11-00A0C91BC942}") = "15-04", "Advanced\Lab15\15-04\15-04.vcxproj", "{2BA8B719-689E-4FC0-9141-1A5C1E35E79F}"
EndProject
Project("{8BC9CEB8-8B4A-11D0-8D11-00A0C91BC942}") = "15-07", "Advanced\Lab15\15-07\15-07.vcxproj", "{422E6BFA-6269-4F02-8FB9-17F48BFF237A}"
EndProject
Project("{2150E333-8FDC-42A3-9474-1A3956D46DE8}") = "Lab17", "Lab17", "{C819D59C-2555-47D1-A16C-C315FA5C45E1}"
EndProject
Project("{8BC9CEB8-8B4A-11D0-8D11-00A0C91BC942}") = "17-01", "Advanced\Lab17\17-01\17-01.vcxproj", "{C5501D12-FBE6-4E33-89F1-69A5A56C7078}"
EndProject
Project("{8BC9CEB8-8B4A-11D0-8D11-00A0C91BC942}") = "17-02", "Advanced\Lab17\17-02\17-02.vcxproj", "{D9762A82-A3AA-46A4-B82E-E75743ECAA81}"
EndProject
Project("{8BC9CEB8-8B4A-11D0-8D11-00A0C91BC942}") = "17-03", "Advanced\Lab17\17-03\17-03.vcxproj", "{94B6FC9D-835C-49D3-BB59-25F0C2B43D31}"
EndProject
Project("{2150E333-8FDC-42A3-9474-1A3956D46DE8}") = "GroupProject", "GroupProject", "{066893ED-4ACF-4C7E-8996-61CEC8C18EA6}"
EndProject
Project("{8BC9CEB8-8B4A-11D0-8D11-00A0C91BC942}") = "GroupProject01", "Advanced\GroupProject\GroupProject01\GroupProject01.vcxproj", "{528B10A5-EDFD-45B1-8997-18538B7525EE}"
EndProject
Global
	GlobalSection(SolutionConfigurationPlatforms) = preSolution
		Debug|x86 = Debug|x86
		Release|x86 = Release|x86
	EndGlobalSection
	GlobalSection(ProjectConfigurationPlatforms) = postSolution
		{1D972AB9-5D78-46F3-B992-1DA5DA786177}.Debug|x86.ActiveCfg = Debug|Win32
		{1D972AB9-5D78-46F3-B992-1DA5DA786177}.Debug|x86.Build.0 = Debug|Win32
		{1D972AB9-5D78-46F3-B992-1DA5DA786177}.Release|x86.ActiveCfg = Release|Win32
		{1D972AB9-5D78-46F3-B992-1DA5DA786177}.Release|x86.Build.0 = Release|Win32
		{718ED9A2-B045-40B4-9A07-E3162ABAB102}.Debug|x86.ActiveCfg = Debug|Win32
		{718ED9A2-B045-40B4-9A07-E3162ABAB102}.Debug|x86.Build.0 = Debug|Win32
		{718ED9A2-B045-40B4-9A07-E3162ABAB102}.Release|x86.ActiveCfg = Release|Win32
		{718ED9A2-B045-40B4-9A07-E3162ABAB102}.Release|x86.Build.0 = Release|Win32
		{ABD4A444-49FF-4E2C-B937-C4C739A5D043}.Debug|x86.ActiveCfg = Debug|Win32
		{ABD4A444-49FF-4E2C-B937-C4C739A5D043}.Debug|x86.Build.0 = Debug|Win32
		{ABD4A444-49FF-4E2C-B937-C4C739A5D043}.Release|x86.ActiveCfg = Release|Win32
		{ABD4A444-49FF-4E2C-B937-C4C739A5D043}.Release|x86.Build.0 = Release|Win32
		{94E90036-5686-45C4-B252-34CCC9462E58}.Debug|x86.ActiveCfg = Debug|Win32
		{94E90036-5686-45C4-B252-34CCC9462E58}.Debug|x86.Build.0 = Debug|Win32
		{94E90036-5686-45C4-B252-34CCC9462E58}.Release|x86.ActiveCfg = Release|Win32
		{94E90036-5686-45C4-B252-34CCC9462E58}.Release|x86.Build.0 = Release|Win32
		{B815202D-E129-47BF-B54C-F9B65A2EAE87}.Debug|x86.ActiveCfg = Debug|Win32
		{B815202D-E129-47BF-B54C-F9B65A2EAE87}.Debug|x86.Build.0 = Debug|Win32
		{B815202D-E129-47BF-B54C-F9B65A2EAE87}.Release|x86.ActiveCfg = Release|Win32
		{B815202D-E129-47BF-B54C-F9B65A2EAE87}.Release|x86.Build.0 = Release|Win32
		{7C6EBCAA-6417-4302-BE5F-397C8B290428}.Debug|x86.ActiveCfg = Debug|Win32
		{7C6EBCAA-6417-4302-BE5F-397C8B290428}.Debug|x86.Build.0 = Debug|Win32
		{7C6EBCAA-6417-4302-BE5F-397C8B290428}.Release|x86.ActiveCfg = Release|Win32
		{7C6EBCAA-6417-4302-BE5F-397C8B290428}.Release|x86.Build.0 = Release|Win32
		{2CE0700A-1437-4E61-8A81-7B5B2F30FF65}.Debug|x86.ActiveCfg = Debug|Win32
		{2CE0700A-1437-4E61-8A81-7B5B2F30FF65}.Debug|x86.Build.0 = Debug|Win32
		{2CE0700A-1437-4E61-8A81-7B5B2F30FF65}.Release|x86.ActiveCfg = Release|Win32
		{2CE0700A-1437-4E61-8A81-7B5B2F30FF65}.Release|x86.Build.0 = Release|Win32
		{1ED27FD0-5083-4C46-8706-0A0A3B43E9D7}.Debug|x86.ActiveCfg = Debug|Win32
		{1ED27FD0-5083-4C46-8706-0A0A3B43E9D7}.Debug|x86.Build.0 = Debug|Win32
		{1ED27FD0-5083-4C46-8706-0A0A3B43E9D7}.Release|x86.ActiveCfg = Release|Win32
		{1ED27FD0-5083-4C46-8706-0A0A3B43E9D7}.Release|x86.Build.0 = Release|Win32
		{DC7BBB0B-102B-45CC-B0EB-7AA51DD3749A}.Debug|x86.ActiveCfg = Debug|Win32
		{DC7BBB0B-102B-45CC-B0EB-7AA51DD3749A}.Debug|x86.Build.0 = Debug|Win32
		{DC7BBB0B-102B-45CC-B0EB-7AA51DD3749A}.Release|x86.ActiveCfg = Release|Win32
		{DC7BBB0B-102B-45CC-B0EB-7AA51DD3749A}.Release|x86.Build.0 = Release|Win32
		{E2521FC9-514B-4FBE-A8EE-5DFB50B1B88B}.Debug|x86.ActiveCfg = Debug|Win32
		{E2521FC9-514B-4FBE-A8EE-5DFB50B1B88B}.Debug|x86.Build.0 = Debug|Win32
		{E2521FC9-514B-4FBE-A8EE-5DFB50B1B88B}.Release|x86.ActiveCfg = Release|Win32
		{E2521FC9-514B-4FBE-A8EE-5DFB50B1B88B}.Release|x86.Build.0 = Release|Win32
		{67F9A79C-BD7F-4921-9CD0-35595E904195}.Debug|x86.ActiveCfg = Debug|Win32
		{67F9A79C-BD7F-4921-9CD0-35595E904195}.Debug|x86.Build.0 = Debug|Win32
		{67F9A79C-BD7F-4921-9CD0-35595E904195}.Release|x86.ActiveCfg = Release|Win32
		{67F9A79C-BD7F-4921-9CD0-35595E904195}.Release|x86.Build.0 = Release|Win32
		{A35855F8-F2FD-4A93-8FEC-F3AC0618C5E9}.Debug|x86.ActiveCfg = Debug|Win32
		{A35855F8-F2FD-4A93-8FEC-F3AC0618C5E9}.Debug|x86.Build.0 = Debug|Win32
		{A35855F8-F2FD-4A93-8FEC-F3AC0618C5E9}.Release|x86.ActiveCfg = Release|Win32
		{A35855F8-F2FD-4A93-8FEC-F3AC0618C5E9}.Release|x86.Build.0 = Release|Win32
		{F2231D2A-6C05-4EF9-A59F-2219894279C8}.Debug|x86.ActiveCfg = Debug|Win32
		{F2231D2A-6C05-4EF9-A59F-2219894279C8}.Debug|x86.Build.0 = Debug|Win32
		{F2231D2A-6C05-4EF9-A59F-2219894279C8}.Release|x86.ActiveCfg = Release|Win32
		{F2231D2A-6C05-4EF9-A59F-2219894279C8}.Release|x86.Build.0 = Release|Win32
		{8BF600F8-04C3-4D66-84D5-B08E3A0A27E9}.Debug|x86.ActiveCfg = Debug|Win32
		{8BF600F8-04C3-4D66-84D5-B08E3A0A27E9}.Debug|x86.Build.0 = Debug|Win32
		{8BF600F8-04C3-4D66-84D5-B08E3A0A27E9}.Release|x86.ActiveCfg = Release|Win32
		{8BF600F8-04C3-4D66-84D5-B08E3A0A27E9}.Release|x86.Build.0 = Release|Win32
		{1D9A7F5C-FB60-40D7-B715-77A22BCE4DBE}.Debug|x86.ActiveCfg = Debug|Win32
		{1D9A7F5C-FB60-40D7-B715-77A22BCE4DBE}.Debug|x86.Build.0 = Debug|Win32
		{1D9A7F5C-FB60-40D7-B715-77A22BCE4DBE}.Release|x86.ActiveCfg = Release|Win32
		{1D9A7F5C-FB60-40D7-B715-77A22BCE4DBE}.Release|x86.Build.0 = Release|Win32
		{38032380-7689-4A9E-A93D-A93C4F296D0E}.Debug|x86.ActiveCfg = Debug|Win32
		{38032380-7689-4A9E-A93D-A93C4F296D0E}.Debug|x86.Build.0 = Debug|Win32
		{38032380-7689-4A9E-A93D-A93C4F296D0E}.Release|x86.ActiveCfg = Release|Win32
		{38032380-7689-4A9E-A93D-A93C4F296D0E}.Release|x86.Build.0 = Release|Win32
		{CD066609-F7BC-4C1E-9BDC-2C54CB1DFFA2}.Debug|x86.ActiveCfg = Debug|Win32
		{CD066609-F7BC-4C1E-9BDC-2C54CB1DFFA2}.Debug|x86.Build.0 = Debug|Win32
		{CD066609-F7BC-4C1E-9BDC-2C54CB1DFFA2}.Release|x86.ActiveCfg = Release|Win32
		{CD066609-F7BC-4C1E-9BDC-2C54CB1DFFA2}.Release|x86.Build.0 = Release|Win32
		{DA07434D-3622-4B7C-8650-8F45170D2AAF}.Debug|x86.ActiveCfg = Debug|Win32
		{DA07434D-3622-4B7C-8650-8F45170D2AAF}.Debug|x86.Build.0 = Debug|Win32
		{DA07434D-3622-4B7C-8650-8F45170D2AAF}.Release|x86.ActiveCfg = Release|Win32
		{DA07434D-3622-4B7C-8650-8F45170D2AAF}.Release|x86.Build.0 = Release|Win32
		{D10C3987-3AC0-4334-BE1D-D8E6F9EF0907}.Debug|x86.ActiveCfg = Debug|Win32
		{D10C3987-3AC0-4334-BE1D-D8E6F9EF0907}.Debug|x86.Build.0 = Debug|Win32
		{D10C3987-3AC0-4334-BE1D-D8E6F9EF0907}.Release|x86.ActiveCfg = Release|Win32
		{D10C3987-3AC0-4334-BE1D-D8E6F9EF0907}.Release|x86.Build.0 = Release|Win32
		{8736A8D1-D263-4841-AADE-5BFACA610F5D}.Debug|x86.ActiveCfg = Debug|Win32
		{8736A8D1-D263-4841-AADE-5BFACA610F5D}.Debug|x86.Build.0 = Debug|Win32
		{8736A8D1-D263-4841-AADE-5BFACA610F5D}.Release|x86.ActiveCfg = Release|Win32
		{8736A8D1-D263-4841-AADE-5BFACA610F5D}.Release|x86.Build.0 = Release|Win32
		{37C22CD5-38D5-40B2-BB55-3BD9E4B8122D}.Debug|x86.ActiveCfg = Debug|Win32
		{37C22CD5-38D5-40B2-BB55-3BD9E4B8122D}.Debug|x86.Build.0 = Debug|Win32
		{37C22CD5-38D5-40B2-BB55-3BD9E4B8122D}.Release|x86.ActiveCfg = Release|Win32
		{37C22CD5-38D5-40B2-BB55-3BD9E4B8122D}.Release|x86.Build.0 = Release|Win32
		{DFD1668D-3B63-4C42-9935-BB664DC91A21}.Debug|x86.ActiveCfg = Debug|Win32
		{DFD1668D-3B63-4C42-9935-BB664DC91A21}.Debug|x86.Build.0 = Debug|Win32
		{DFD1668D-3B63-4C42-9935-BB664DC91A21}.Release|x86.ActiveCfg = Release|Win32
		{DFD1668D-3B63-4C42-9935-BB664DC91A21}.Release|x86.Build.0 = Release|Win32
		{99A8BEA2-1FAE-4BFD-A4D4-0EE2F0825635}.Debug|x86.ActiveCfg = Debug|Win32
		{99A8BEA2-1FAE-4BFD-A4D4-0EE2F0825635}.Debug|x86.Build.0 = Debug|Win32
		{99A8BEA2-1FAE-4BFD-A4D4-0EE2F0825635}.Release|x86.ActiveCfg = Release|Win32
		{99A8BEA2-1FAE-4BFD-A4D4-0EE2F0825635}.Release|x86.Build.0 = Release|Win32
		{1F3D1E26-CAFB-4EB9-966F-70AE130008FF}.Debug|x86.ActiveCfg = Debug|Win32
		{1F3D1E26-CAFB-4EB9-966F-70AE130008FF}.Debug|x86.Build.0 = Debug|Win32
		{1F3D1E26-CAFB-4EB9-966F-70AE130008FF}.Release|x86.ActiveCfg = Release|Win32
		{1F3D1E26-CAFB-4EB9-966F-70AE130008FF}.Release|x86.Build.0 = Release|Win32
		{078A824E-BF40-4C8F-AB3C-419695C53426}.Debug|x86.ActiveCfg = Debug|Win32
		{078A824E-BF40-4C8F-AB3C-419695C53426}.Debug|x86.Build.0 = Debug|Win32
		{078A824E-BF40-4C8F-AB3C-419695C53426}.Release|x86.ActiveCfg = Release|Win32
		{078A824E-BF40-4C8F-AB3C-419695C53426}.Release|x86.Build.0 = Release|Win32
		{2762A66C-18E8-42B0-80BB-D1EB40F13C7B}.Debug|x86.ActiveCfg = Debug|Win32
		{2762A66C-18E8-42B0-80BB-D1EB40F13C7B}.Debug|x86.Build.0 = Debug|Win32
		{2762A66C-18E8-42B0-80BB-D1EB40F13C7B}.Release|x86.ActiveCfg = Release|Win32
		{2762A66C-18E8-42B0-80BB-D1EB40F13C7B}.Release|x86.Build.0 = Release|Win32
		{AC0154A6-6FA6-4FED-A860-D11DA872C0BA}.Debug|x86.ActiveCfg = Debug|Win32
		{AC0154A6-6FA6-4FED-A860-D11DA872C0BA}.Debug|x86.Build.0 = Debug|Win32
		{AC0154A6-6FA6-4FED-A860-D11DA872C0BA}.Release|x86.ActiveCfg = Release|Win32
		{AC0154A6-6FA6-4FED-A860-D11DA872C0BA}.Release|x86.Build.0 = Release|Win32
		{A96D5BC5-223A-4D40-A4A4-0956CCF18333}.Debug|x86.ActiveCfg = Debug|Win32
		{A96D5BC5-223A-4D40-A4A4-0956CCF18333}.Debug|x86.Build.0 = Debug|Win32
		{A96D5BC5-223A-4D40-A4A4-0956CCF18333}.Release|x86.ActiveCfg = Release|Win32
		{A96D5BC5-223A-4D40-A4A4-0956CCF18333}.Release|x86.Build.0 = Release|Win32
		{82D7EB97-7CC6-41E1-A5E1-B852BF420AE4}.Debug|x86.ActiveCfg = Debug|Win32
		{82D7EB97-7CC6-41E1-A5E1-B852BF420AE4}.Debug|x86.Build.0 = Debug|Win32
		{82D7EB97-7CC6-41E1-A5E1-B852BF420AE4}.Release|x86.ActiveCfg = Release|Win32
		{82D7EB97-7CC6-41E1-A5E1-B852BF420AE4}.Release|x86.Build.0 = Release|Win32
		{DCF1C3BD-FC72-466E-8D30-EEA37156B37F}.Debug|x86.ActiveCfg = Debug|Win32
		{DCF1C3BD-FC72-466E-8D30-EEA37156B37F}.Debug|x86.Build.0 = Debug|Win32
		{DCF1C3BD-FC72-466E-8D30-EEA37156B37F}.Release|x86.ActiveCfg = Release|Win32
		{DCF1C3BD-FC72-466E-8D30-EEA37156B37F}.Release|x86.Build.0 = Release|Win32
		{A8856EF1-6BC4-412F-87DC-8CDA1E39759B}.Debug|x86.ActiveCfg = Debug|Win32
		{A8856EF1-6BC4-412F-87DC-8CDA1E39759B}.Debug|x86.Build.0 = Debug|Win32
		{A8856EF1-6BC4-412F-87DC-8CDA1E39759B}.Release|x86.ActiveCfg = Release|Win32
		{A8856EF1-6BC4-412F-87DC-8CDA1E39759B}.Release|x86.Build.0 = Release|Win32
		{48E3381C-4E54-4D2C-9019-4154695BDBC7}.Debug|x86.ActiveCfg = Debug|Win32
		{48E3381C-4E54-4D2C-9019-4154695BDBC7}.Debug|x86.Build.0 = Debug|Win32
		{48E3381C-4E54-4D2C-9019-4154695BDBC7}.Release|x86.ActiveCfg = Release|Win32
		{48E3381C-4E54-4D2C-9019-4154695BDBC7}.Release|x86.Build.0 = Release|Win32
		{116B5071-522F-402D-A954-0DCF8E7DAA09}.Debug|x86.ActiveCfg = Debug|Win32
		{116B5071-522F-402D-A954-0DCF8E7DAA09}.Debug|x86.Build.0 = Debug|Win32
		{116B5071-522F-402D-A954-0DCF8E7DAA09}.Release|x86.ActiveCfg = Release|Win32
		{116B5071-522F-402D-A954-0DCF8E7DAA09}.Release|x86.Build.0 = Release|Win32
		{167B57B0-AA94-4A6B-B2E2-EA6DF288B26F}.Debug|x86.ActiveCfg = Debug|Win32
		{167B57B0-AA94-4A6B-B2E2-EA6DF288B26F}.Debug|x86.Build.0 = Debug|Win32
		{167B57B0-AA94-4A6B-B2E2-EA6DF288B26F}.Release|x86.ActiveCfg = Release|Win32
		{167B57B0-AA94-4A6B-B2E2-EA6DF288B26F}.Release|x86.Build.0 = Release|Win32
		{3C1456AE-69F6-4E5C-B989-739E905C9E87}.Debug|x86.ActiveCfg = Debug|Win32
		{3C1456AE-69F6-4E5C-B989-739E905C9E87}.Debug|x86.Build.0 = Debug|Win32
		{3C1456AE-69F6-4E5C-B989-739E905C9E87}.Release|x86.ActiveCfg = Release|Win32
		{3C1456AE-69F6-4E5C-B989-739E905C9E87}.Release|x86.Build.0 = Release|Win32
		{AB818FFB-B58C-4E00-B6B0-13354770815A}.Debug|x86.ActiveCfg = Debug|Win32
		{AB818FFB-B58C-4E00-B6B0-13354770815A}.Debug|x86.Build.0 = Debug|Win32
		{AB818FFB-B58C-4E00-B6B0-13354770815A}.Release|x86.ActiveCfg = Release|Win32
		{AB818FFB-B58C-4E00-B6B0-13354770815A}.Release|x86.Build.0 = Release|Win32
		{2BA8B719-689E-4FC0-9141-1A5C1E35E79F}.Debug|x86.ActiveCfg = Debug|Win32
		{2BA8B719-689E-4FC0-9141-1A5C1E35E79F}.Debug|x86.Build.0 = Debug|Win32
		{2BA8B719-689E-4FC0-9141-1A5C1E35E79F}.Release|x86.ActiveCfg = Release|Win32
		{2BA8B719-689E-4FC0-9141-1A5C1E35E79F}.Release|x86.Build.0 = Release|Win32
		{422E6BFA-6269-4F02-8FB9-17F48BFF237A}.Debug|x86.ActiveCfg = Debug|Win32
		{422E6BFA-6269-4F02-8FB9-17F48BFF237A}.Debug|x86.Build.0 = Debug|Win32
		{422E6BFA-6269-4F02-8FB9-17F48BFF237A}.Release|x86.ActiveCfg = Release|Win32
		{422E6BFA-6269-4F02-8FB9-17F48BFF237A}.Release|x86.Build.0 = Release|Win32
		{C5501D12-FBE6-4E33-89F1-69A5A56C7078}.Debug|x86.ActiveCfg = Debug|Win32
		{C5501D12-FBE6-4E33-89F1-69A5A56C7078}.Debug|x86.Build.0 = Debug|Win32
		{C5501D12-FBE6-4E33-89F1-69A5A56C7078}.Release|x86.ActiveCfg = Release|Win32
		{C5501D12-FBE6-4E33-89F1-69A5A56C7078}.Release|x86.Build.0 = Release|Win32
		{D9762A82-A3AA-46A4-B82E-E75743ECAA81}.Debug|x86.ActiveCfg = Debug|Win32
		{D9762A82-A3AA-46A4-B82E-E75743ECAA81}.Debug|x86.Build.0 = Debug|Win32
		{D9762A82-A3AA-46A4-B82E-E75743ECAA81}.Release|x86.ActiveCfg = Release|Win32
		{D9762A82-A3AA-46A4-B82E-E75743ECAA81}.Release|x86.Build.0 = Release|Win32
		{94B6FC9D-835C-49D3-BB59-25F0C2B43D31}.Debug|x86.ActiveCfg = Debug|Win32
		{94B6FC9D-835C-49D3-BB59-25F0C2B43D31}.Debug|x86.Build.0 = Debug|Win32
		{94B6FC9D-835C-49D3-BB59-25F0C2B43D31}.Release|x86.ActiveCfg = Release|Win32
		{94B6FC9D-835C-49D3-BB59-25F0C2B43D31}.Release|x86.Build.0 = Release|Win32
		{528B10A5-EDFD-45B1-8997-18538B7525EE}.Debug|x86.ActiveCfg = Debug|Win32
		{528B10A5-EDFD-45B1-8997-18538B7525EE}.Debug|x86.Build.0 = Debug|Win32
		{528B10A5-EDFD-45B1-8997-18538B7525EE}.Release|x86.ActiveCfg = Release|Win32
		{528B10A5-EDFD-45B1-8997-18538B7525EE}.Release|x86.Build.0 = Release|Win32
	EndGlobalSection
	GlobalSection(SolutionProperties) = preSolution
		HideSolutionNode = FALSE
	EndGlobalSection
	GlobalSection(NestedProjects) = preSolution
		{E6261054-6EDE-4D69-9DE0-762957854BA2} = {394BF964-D032-4F4C-8874-193D83C21A31}
		{97C3DD49-3D24-4204-8BB9-BEFF1D9A7246} = {394BF964-D032-4F4C-8874-193D83C21A31}
		{84C60E25-7CF4-4EAB-8B7B-8760B1844678} = {394BF964-D032-4F4C-8874-193D83C21A31}
		{65F66CC2-2EDB-49A8-95EF-95FAEB046620} = {394BF964-D032-4F4C-8874-193D83C21A31}
		{BDA4C6D7-E0B6-4E68-8BFF-3C3F3654022D} = {394BF964-D032-4F4C-8874-193D83C21A31}
		{1D972AB9-5D78-46F3-B992-1DA5DA786177} = {E6261054-6EDE-4D69-9DE0-762957854BA2}
		{718ED9A2-B045-40B4-9A07-E3162ABAB102} = {E6261054-6EDE-4D69-9DE0-762957854BA2}
		{ABD4A444-49FF-4E2C-B937-C4C739A5D043} = {97C3DD49-3D24-4204-8BB9-BEFF1D9A7246}
		{94E90036-5686-45C4-B252-34CCC9462E58} = {97C3DD49-3D24-4204-8BB9-BEFF1D9A7246}
		{B815202D-E129-47BF-B54C-F9B65A2EAE87} = {97C3DD49-3D24-4204-8BB9-BEFF1D9A7246}
		{7C6EBCAA-6417-4302-BE5F-397C8B290428} = {97C3DD49-3D24-4204-8BB9-BEFF1D9A7246}
		{2CE0700A-1437-4E61-8A81-7B5B2F30FF65} = {97C3DD49-3D24-4204-8BB9-BEFF1D9A7246}
		{1ED27FD0-5083-4C46-8706-0A0A3B43E9D7} = {97C3DD49-3D24-4204-8BB9-BEFF1D9A7246}
		{DC7BBB0B-102B-45CC-B0EB-7AA51DD3749A} = {84C60E25-7CF4-4EAB-8B7B-8760B1844678}
		{E2521FC9-514B-4FBE-A8EE-5DFB50B1B88B} = {84C60E25-7CF4-4EAB-8B7B-8760B1844678}
		{67F9A79C-BD7F-4921-9CD0-35595E904195} = {84C60E25-7CF4-4EAB-8B7B-8760B1844678}
		{A35855F8-F2FD-4A93-8FEC-F3AC0618C5E9} = {84C60E25-7CF4-4EAB-8B7B-8760B1844678}
		{F2231D2A-6C05-4EF9-A59F-2219894279C8} = {84C60E25-7CF4-4EAB-8B7B-8760B1844678}
		{8BF600F8-04C3-4D66-84D5-B08E3A0A27E9} = {65F66CC2-2EDB-49A8-95EF-95FAEB046620}
		{1D9A7F5C-FB60-40D7-B715-77A22BCE4DBE} = {65F66CC2-2EDB-49A8-95EF-95FAEB046620}
		{38032380-7689-4A9E-A93D-A93C4F296D0E} = {65F66CC2-2EDB-49A8-95EF-95FAEB046620}
		{CD066609-F7BC-4C1E-9BDC-2C54CB1DFFA2} = {65F66CC2-2EDB-49A8-95EF-95FAEB046620}
		{DA07434D-3622-4B7C-8650-8F45170D2AAF} = {BDA4C6D7-E0B6-4E68-8BFF-3C3F3654022D}
		{D10C3987-3AC0-4334-BE1D-D8E6F9EF0907} = {BDA4C6D7-E0B6-4E68-8BFF-3C3F3654022D}
		{551B80B7-F6C7-4A20-8B28-6A725925E76B} = {394BF964-D032-4F4C-8874-193D83C21A31}
		{8736A8D1-D263-4841-AADE-5BFACA610F5D} = {551B80B7-F6C7-4A20-8B28-6A725925E76B}
		{37C22CD5-38D5-40B2-BB55-3BD9E4B8122D} = {551B80B7-F6C7-4A20-8B28-6A725925E76B}
		{8BF90DC0-D95F-41F1-88E4-28A0AF37908C} = {8AC1915F-108B-4C4D-8ADA-604852E177B1}
		{DFD1668D-3B63-4C42-9935-BB664DC91A21} = {8BF90DC0-D95F-41F1-88E4-28A0AF37908C}
		{99A8BEA2-1FAE-4BFD-A4D4-0EE2F0825635} = {8BF90DC0-D95F-41F1-88E4-28A0AF37908C}
		{1F3D1E26-CAFB-4EB9-966F-70AE130008FF} = {8BF90DC0-D95F-41F1-88E4-28A0AF37908C}
		{A193F4DC-4289-43FC-B163-DBDF5FCDBC97} = {8AC1915F-108B-4C4D-8ADA-604852E177B1}
		{078A824E-BF40-4C8F-AB3C-419695C53426} = {A193F4DC-4289-43FC-B163-DBDF5FCDBC97}
		{2762A66C-18E8-42B0-80BB-D1EB40F13C7B} = {A193F4DC-4289-43FC-B163-DBDF5FCDBC97}
		{0E5D2A5E-AB93-4CF7-B021-2431ADBCCF98} = {8AC1915F-108B-4C4D-8ADA-604852E177B1}
		{AC0154A6-6FA6-4FED-A860-D11DA872C0BA} = {0E5D2A5E-AB93-4CF7-B021-2431ADBCCF98}
		{A96D5BC5-223A-4D40-A4A4-0956CCF18333} = {0E5D2A5E-AB93-4CF7-B021-2431ADBCCF98}
		{82D7EB97-7CC6-41E1-A5E1-B852BF420AE4} = {0E5D2A5E-AB93-4CF7-B021-2431ADBCCF98}
		{51A29980-2480-42E4-8E91-33BE7F58FBEE} = {8AC1915F-108B-4C4D-8ADA-604852E177B1}
		{DCF1C3BD-FC72-466E-8D30-EEA37156B37F} = {51A29980-2480-42E4-8E91-33BE7F58FBEE}
		{A8856EF1-6BC4-412F-87DC-8CDA1E39759B} = {51A29980-2480-42E4-8E91-33BE7F58FBEE}
		{48E3381C-4E54-4D2C-9019-4154695BDBC7} = {51A29980-2480-42E4-8E91-33BE7F58FBEE}
		{116B5071-522F-402D-A954-0DCF8E7DAA09} = {51A29980-2480-42E4-8E91-33BE7F58FBEE}
		{6F890672-8652-491E-A123-B6B275F3FB2E} = {8AC1915F-108B-4C4D-8ADA-604852E177B1}
		{167B57B0-AA94-4A6B-B2E2-EA6DF288B26F} = {6F890672-8652-491E-A123-B6B275F3FB2E}
		{3C1456AE-69F6-4E5C-B989-739E905C9E87} = {6F890672-8652-491E-A123-B6B275F3FB2E}
		{82A54979-75A2-4252-A511-F043B7321C49} = {8AC1915F-108B-4C4D-8ADA-604852E177B1}
		{AB818FFB-B58C-4E00-B6B0-13354770815A} = {82A54979-75A2-4252-A511-F043B7321C49}
		{2BA8B719-689E-4FC0-9141-1A5C1E35E79F} = {82A54979-75A2-4252-A511-F043B7321C49}
		{422E6BFA-6269-4F02-8FB9-17F48BFF237A} = {82A54979-75A2-4252-A511-F043B7321C49}
		{C819D59C-2555-47D1-A16C-C315FA5C45E1} = {8AC1915F-108B-4C4D-8ADA-604852E177B1}
		{C5501D12-FBE6-4E33-89F1-69A5A56C7078} = {C819D59C-2555-47D1-A16C-C315FA5C45E1}
		{D9762A82-A3AA-46A4-B82E-E75743ECAA81} = {C819D59C-2555-47D1-A16C-C315FA5C45E1}
		{94B6FC9D-835C-49D3-BB59-25F0C2B43D31} = {C819D59C-2555-47D1-A16C-C315FA5C45E1}
		{066893ED-4ACF-4C7E-8996-61CEC8C18EA6} = {8AC1915F-108B-4C4D-8ADA-604852E177B1}
		{528B10A5-EDFD-45B1-8997-18538B7525EE} = {066893ED-4ACF-4C7E-8996-61CEC8C18EA6}
	EndGlobalSection
EndGlobal
